
Microsoft Visual Studio Solution File, Format Version 12.00
# Visual Studio Version 16
VisualStudioVersion = 16.0.32413.511
MinimumVisualStudioVersion = 10.0.40219.1
Project("{9A19103F-16F7-4668-BE54-9A1E7A4F7556}") = "SecretRebootConsole", "SecretRebootConsole.csproj", "{FC4E1BF3-63E4-47C1-A389-E72ECA9A5CB6}"
EndProject
Global
	GlobalSection(SolutionConfigurationPlatforms) = preSolution
		Debug|Any CPU = Debug|Any CPU
		Release|Any CPU = Release|Any CPU
	EndGlobalSection
	GlobalSection(ProjectConfigurationPlatforms) = postSolution
		{FC4E1BF3-63E4-47C1-A389-E72ECA9A5CB6}.Debug|Any CPU.ActiveCfg = Debug|Any CPU
		{FC4E1BF3-63E4-47C1-A389-E72ECA9A5CB6}.Debug|Any CPU.Build.0 = Debug|Any CPU
		{FC4E1BF3-63E4-47C1-A389-E72ECA9A5CB6}.Release|Any CPU.ActiveCfg = Release|Any CPU
		{FC4E1BF3-63E4-47C1-A389-E72ECA9A5CB6}.Release|Any CPU.Build.0 = Release|Any CPU
	EndGlobalSection
	GlobalSection(SolutionProperties) = preSolution
		HideSolutionNode = FALSE
	EndGlobalSection
	GlobalSection(ExtensibilityGlobals) = postSolution
		SolutionGuid = {F5EBBAAB-A99F-410A-94AD-DB49F9BD2D0E}
	EndGlobalSection
EndGlobal
